
Microsoft Visual Studio Solution File, Format Version 12.00
# Visual Studio Version 17
VisualStudioVersion = 17.0.32014.148
MinimumVisualStudioVersion = 10.0.40219.1
Project("{FAE04EC0-301F-11D3-BF4B-00C04F79EFBC}") = "Jera", "Jera\Jera.csproj", "{1F497E97-A715-4B4E-9412-61A2865CE42D}"
EndProject
Global
	GlobalSection(SolutionConfigurationPlatforms) = preSolution
		Debug|Any CPU = Debug|Any CPU
		Release|Any CPU = Release|Any CPU
	EndGlobalSection
	GlobalSection(ProjectConfigurationPlatforms) = postSolution
		{1F497E97-A715-4B4E-9412-61A2865CE42D}.Debug|Any CPU.ActiveCfg = Debug|Any CPU
		{1F497E97-A715-4B4E-9412-61A2865CE42D}.Debug|Any CPU.Build.0 = Debug|Any CPU
		{1F497E97-A715-4B4E-9412-61A2865CE42D}.Release|Any CPU.ActiveCfg = Release|Any CPU
		{1F497E97-A715-4B4E-9412-61A2865CE42D}.Release|Any CPU.Build.0 = Release|Any CPU
	EndGlobalSection
	GlobalSection(SolutionProperties) = preSolution
		HideSolutionNode = FALSE
	EndGlobalSection
	GlobalSection(ExtensibilityGlobals) = postSolution
		SolutionGuid = {6E2342B1-A192-4B24-AF54-36584E40CA10}
	EndGlobalSection
EndGlobal
